// !$*UTF8*$!
{
	archiveVersion = 1;
	classes = {
	};
	objectVersion = 77;
	objects = {

/* Begin PBXContainerItemProxy section */
		F480B5412E24D53100D5C00C /* PBXContainerItemProxy */ = {
			isa = PBXContainerItemProxy;
			containerPortal = F480B52B2E24D52E00D5C00C /* Project object */;
			proxyType = 1;
			remoteGlobalIDString = F480B5322E24D52E00D5C00C;
			remoteInfo = State_Binding;
		};
		F480B54B2E24D53100D5C00C /* PBXContainerItemProxy */ = {
			isa = PBXContainerItemProxy;
			containerPortal = F480B52B2E24D52E00D5C00C /* Project object */;
			proxyType = 1;
			remoteGlobalIDString = F480B5322E24D52E00D5C00C;
			remoteInfo = State_Binding;
		};
/* End PBXContainerItemProxy section */

/* Begin PBXFileReference section */
		F480B5332E24D52E00D5C00C /* State_Binding.app */ = {isa = PBXFileReference; explicitFileType = wrapper.application; includeInIndex = 0; path = State_Binding.app; sourceTree = BUILT_PRODUCTS_DIR; };
		F480B5402E24D53100D5C00C /* State_BindingTests.xctest */ = {isa = PBXFileReference; explicitFileType = wrapper.cfbundle; includeInIndex = 0; path = State_BindingTests.xctest; sourceTree = BUILT_PRODUCTS_DIR; };
		F480B54A2E24D53100D5C00C /* State_BindingUITests.xctest */ = {isa = PBXFileReference; explicitFileType = wrapper.cfbundle; includeInIndex = 0; path = State_BindingUITests.xctest; sourceTree = BUILT_PRODUCTS_DIR; };
/* End PBXFileReference section */

/* Begin PBXFileSystemSynchronizedRootGroup section */
		F480B5352E24D52E00D5C00C /* State_Binding */ = {
			isa = PBXFileSystemSynchronizedRootGroup;
			path = State_Binding;
			sourceTree = "<group>";
		};
		F480B5432E24D53100D5C00C /* State_BindingTests */ = {
			isa = PBXFileSystemSynchronizedRootGroup;
			path = State_BindingTests;
			sourceTree = "<group>";
		};
		F480B54D2E24D53100D5C00C /* State_BindingUITests */ = {
			isa = PBXFileSystemSynchronizedRootGroup;
			path = State_BindingUITests;
			sourceTree = "<group>";
		};
/* End PBXFileSystemSynchronizedRootGroup section */

/* Begin PBXFrameworksBuildPhase section */
		F480B5302E24D52E00D5C00C /* Frameworks */ = {
			isa = PBXFrameworksBuildPhase;
			buildActionMask = 2147483647;
			files = (
			);
			runOnlyForDeploymentPostprocessing = 0;
		};
		F480B53D2E24D53100D5C00C /* Frameworks */ = {
			isa = PBXFrameworksBuildPhase;
			buildActionMask = 2147483647;
			files = (
			);
			runOnlyForDeploymentPostprocessing = 0;
		};
		F480B5472E24D53100D5C00C /* Frameworks */ = {
			isa = PBXFrameworksBuildPhase;
			buildActionMask = 2147483647;
			files = (
			);
			runOnlyForDeploymentPostprocessing = 0;
		};
/* End PBXFrameworksBuildPhase section */

/* Begin PBXGroup section */
		F480B52A2E24D52E00D5C00C = {
			isa = PBXGroup;
			children = (
				F480B5352E24D52E00D5C00C /* State_Binding */,
				F480B5432E24D53100D5C00C /* State_BindingTests */,
				F480B54D2E24D53100D5C00C /* State_BindingUITests */,
				F480B5342E24D52E00D5C00C /* Products */,
			);
			sourceTree = "<group>";
		};
		F480B5342E24D52E00D5C00C /* Products */ = {
			isa = PBXGroup;
			children = (
				F480B5332E24D52E00D5C00C /* State_Binding.app */,
				F480B5402E24D53100D5C00C /* State_BindingTests.xctest */,
				F480B54A2E24D53100D5C00C /* State_BindingUITests.xctest */,
			);
			name = Products;
			sourceTree = "<group>";
		};
/* End PBXGroup section */

/* Begin PBXNativeTarget section */
		F480B5322E24D52E00D5C00C /* State_Binding */ = {
			isa = PBXNativeTarget;
			buildConfigurationList = F480B5542E24D53100D5C00C /* Build configuration list for PBXNativeTarget "State_Binding" */;
			buildPhases = (
				F480B52F2E24D52E00D5C00C /* Sources */,
				F480B5302E24D52E00D5C00C /* Frameworks */,
				F480B5312E24D52E00D5C00C /* Resources */,
			);
			buildRules = (
			);
			dependencies = (
			);
			fileSystemSynchronizedGroups = (
				F480B5352E24D52E00D5C00C /* State_Binding */,
			);
			name = State_Binding;
			packageProductDependencies = (
			);
			productName = State_Binding;
			productReference = F480B5332E24D52E00D5C00C /* State_Binding.app */;
			productType = "com.apple.product-type.application";
		};
		F480B53F2E24D53100D5C00C /* State_BindingTests */ = {
			isa = PBXNativeTarget;
			buildConfigurationList = F480B5572E24D53100D5C00C /* Build configuration list for PBXNativeTarget "State_BindingTests" */;
			buildPhases = (
				F480B53C2E24D53100D5C00C /* Sources */,
				F480B53D2E24D53100D5C00C /* Frameworks */,
				F480B53E2E24D53100D5C00C /* Resources */,
			);
			buildRules = (
			);
			dependencies = (
				F480B5422E24D53100D5C00C /* PBXTargetDependency */,
			);
			fileSystemSynchronizedGroups = (
				F480B5432E24D53100D5C00C /* State_BindingTests */,
			);
			name = State_BindingTests;
			packageProductDependencies = (
			);
			productName = State_BindingTests;
			productReference = F480B5402E24D53100D5C00C /* State_BindingTests.xctest */;
			productType = "com.apple.product-type.bundle.unit-test";
		};
		F480B5492E24D53100D5C00C /* State_BindingUITests */ = {
			isa = PBXNativeTarget;
			buildConfigurationList = F480B55A2E24D53100D5C00C /* Build configuration list for PBXNativeTarget "State_BindingUITests" */;
			buildPhases = (
				F480B5462E24D53100D5C00C /* Sources */,
				F480B5472E24D53100D5C00C /* Frameworks */,
				F480B5482E24D53100D5C00C /* Resources */,
			);
			buildRules = (
			);
			dependencies = (
				F480B54C2E24D53100D5C00C /* PBXTargetDependency */,
			);
			fileSystemSynchronizedGroups = (
				F480B54D2E24D53100D5C00C /* State_BindingUITests */,
			);
			name = State_BindingUITests;
			packageProductDependencies = (
			);
			productName = State_BindingUITests;
			productReference = F480B54A2E24D53100D5C00C /* State_BindingUITests.xctest */;
			productType = "com.apple.product-type.bundle.ui-testing";
		};
/* End PBXNativeTarget section */

/* Begin PBXProject section */
		F480B52B2E24D52E00D5C00C /* Project object */ = {
			isa = PBXProject;
			attributes = {
				BuildIndependentTargetsInParallel = 1;
				LastSwiftUpdateCheck = 1640;
				LastUpgradeCheck = 1640;
				TargetAttributes = {
					F480B5322E24D52E00D5C00C = {
						CreatedOnToolsVersion = 16.4;
					};
					F480B53F2E24D53100D5C00C = {
						CreatedOnToolsVersion = 16.4;
						TestTargetID = F480B5322E24D52E00D5C00C;
					};
					F480B5492E24D53100D5C00C = {
						CreatedOnToolsVersion = 16.4;
						TestTargetID = F480B5322E24D52E00D5C00C;
					};
				};
			};
			buildConfigurationList = F480B52E2E24D52E00D5C00C /* Build configuration list for PBXProject "State_Binding" */;
			developmentRegion = en;
			hasScannedForEncodings = 0;
			knownRegions = (
				en,
				Base,
			);
			mainGroup = F480B52A2E24D52E00D5C00C;
			minimizedProjectReferenceProxies = 1;
			preferredProjectObjectVersion = 77;
			productRefGroup = F480B5342E24D52E00D5C00C /* Products */;
			projectDirPath = "";
			projectRoot = "";
			targets = (
				F480B5322E24D52E00D5C00C /* State_Binding */,
				F480B53F2E24D53100D5C00C /* State_BindingTests */,
				F480B5492E24D53100D5C00C /* State_BindingUITests */,
			);
		};
/* End PBXProject section */

/* Begin PBXResourcesBuildPhase section */
		F480B5312E24D52E00D5C00C /* Resources */ = {
			isa = PBXResourcesBuildPhase;
			buildActionMask = 2147483647;
			files = (
			);
			runOnlyForDeploymentPostprocessing = 0;
		};
		F480B53E2E24D53100D5C00C /* Resources */ = {
			isa = PBXResourcesBuildPhase;
			buildActionMask = 2147483647;
			files = (
			);
			runOnlyForDeploymentPostprocessing = 0;
		};
		F480B5482E24D53100D5C00C /* Resources */ = {
			isa = PBXResourcesBuildPhase;
			buildActionMask = 2147483647;
			files = (
			);
			runOnlyForDeploymentPostprocessing = 0;
		};
/* End PBXResourcesBuildPhase section */

/* Begin PBXSourcesBuildPhase section */
		F480B52F2E24D52E00D5C00C /* Sources */ = {
			isa = PBXSourcesBuildPhase;
			buildActionMask = 2147483647;
			files = (
			);
			runOnlyForDeploymentPostprocessing = 0;
		};
		F480B53C2E24D53100D5C00C /* Sources */ = {
			isa = PBXSourcesBuildPhase;
			buildActionMask = 2147483647;
			files = (
			);
			runOnlyForDeploymentPostprocessing = 0;
		};
		F480B5462E24D53100D5C00C /* Sources */ = {
			isa = PBXSourcesBuildPhase;
			buildActionMask = 2147483647;
			files = (
			);
			runOnlyForDeploymentPostprocessing = 0;
		};
/* End PBXSourcesBuildPhase section */

/* Begin PBXTargetDependency section */
		F480B5422E24D53100D5C00C /* PBXTargetDependency */ = {
			isa = PBXTargetDependency;
			target = F480B5322E24D52E00D5C00C /* State_Binding */;
			targetProxy = F480B5412E24D53100D5C00C /* PBXContainerItemProxy */;
		};
		F480B54C2E24D53100D5C00C /* PBXTargetDependency */ = {
			isa = PBXTargetDependency;
			target = F480B5322E24D52E00D5C00C /* State_Binding */;
			targetProxy = F480B54B2E24D53100D5C00C /* PBXContainerItemProxy */;
		};
/* End PBXTargetDependency section */

/* Begin XCBuildConfiguration section */
		F480B5522E24D53100D5C00C /* Debug */ = {
			isa = XCBuildConfiguration;
			buildSettings = {
				ALWAYS_SEARCH_USER_PATHS = NO;
				ASSETCATALOG_COMPILER_GENERATE_SWIFT_ASSET_SYMBOL_EXTENSIONS = YES;
				CLANG_ANALYZER_NONNULL = YES;
				CLANG_ANALYZER_NUMBER_OBJECT_CONVERSION = YES_AGGRESSIVE;
				CLANG_CXX_LANGUAGE_STANDARD = "gnu++20";
				CLANG_ENABLE_MODULES = YES;
				CLANG_ENABLE_OBJC_ARC = YES;
				CLANG_ENABLE_OBJC_WEAK = YES;
				CLANG_WARN_BLOCK_CAPTURE_AUTORELEASING = YES;
				CLANG_WARN_BOOL_CONVERSION = YES;
				CLANG_WARN_COMMA = YES;
				CLANG_WARN_CONSTANT_CONVERSION = YES;
				CLANG_WARN_DEPRECATED_OBJC_IMPLEMENTATIONS = YES;
				CLANG_WARN_DIRECT_OBJC_ISA_USAGE = YES_ERROR;
				CLANG_WARN_DOCUMENTATION_COMMENTS = YES;
				CLANG_WARN_EMPTY_BODY = YES;
				CLANG_WARN_ENUM_CONVERSION = YES;
				CLANG_WARN_INFINITE_RECURSION = YES;
				CLANG_WARN_INT_CONVERSION = YES;
				CLANG_WARN_NON_LITERAL_NULL_CONVERSION = YES;
				CLANG_WARN_OBJC_IMPLICIT_RETAIN_SELF = YES;
				CLANG_WARN_OBJC_LITERAL_CONVERSION = YES;
				CLANG_WARN_OBJC_ROOT_CLASS = YES_ERROR;
				CLANG_WARN_QUOTED_INCLUDE_IN_FRAMEWORK_HEADER = YES;
				CLANG_WARN_RANGE_LOOP_ANALYSIS = YES;
				CLANG_WARN_STRICT_PROTOTYPES = YES;
				CLANG_WARN_SUSPICIOUS_MOVE = YES;
				CLANG_WARN_UNGUARDED_AVAILABILITY = YES_AGGRESSIVE;
				CLANG_WARN_UNREACHABLE_CODE = YES;
				CLANG_WARN__DUPLICATE_METHOD_MATCH = YES;
				COPY_PHASE_STRIP = NO;
				DEBUG_INFORMATION_FORMAT = dwarf;
				ENABLE_STRICT_OBJC_MSGSEND = YES;
				ENABLE_TESTABILITY = YES;
				ENABLE_USER_SCRIPT_SANDBOXING = YES;
				GCC_C_LANGUAGE_STANDARD = gnu17;
				GCC_DYNAMIC_NO_PIC = NO;
				GCC_NO_COMMON_BLOCKS = YES;
				GCC_OPTIMIZATION_LEVEL = 0;
				GCC_PREPROCESSOR_DEFINITIONS = (
					"DEBUG=1",
					"$(inherited)",
				);
				GCC_WARN_64_TO_32_BIT_CONVERSION = YES;
				GCC_WARN_ABOUT_RETURN_TYPE = YES_ERROR;
				GCC_WARN_UNDECLARED_SELECTOR = YES;
				GCC_WARN_UNINITIALIZED_AUTOS = YES_AGGRESSIVE;
				GCC_WARN_UNUSED_FUNCTION = YES;
				GCC_WARN_UNUSED_VARIABLE = YES;
				IPHONEOS_DEPLOYMENT_TARGET = 18.5;
				LOCALIZATION_PREFERS_STRING_CATALOGS = YES;
				MTL_ENABLE_DEBUG_INFO = INCLUDE_SOURCE;
				MTL_FAST_MATH = YES;
				ONLY_ACTIVE_ARCH = YES;
				SDKROOT = iphoneos;
				SWIFT_ACTIVE_COMPILATION_CONDITIONS = "DEBUG $(inherited)";
				SWIFT_OPTIMIZATION_LEVEL = "-Onone";
			};
			name = Debug;
		};
		F480B5532E24D53100D5C00C /* Release */ = {
			isa = XCBuildConfiguration;
			buildSettings = {
				ALWAYS_SEARCH_USER_PATHS = NO;
				ASSETCATALOG_COMPILER_GENERATE_SWIFT_ASSET_SYMBOL_EXTENSIONS = YES;
				CLANG_ANALYZER_NONNULL = YES;
				CLANG_ANALYZER_NUMBER_OBJECT_CONVERSION = YES_AGGRESSIVE;
				CLANG_CXX_LANGUAGE_STANDARD = "gnu++20";
				CLANG_ENABLE_MODULES = YES;
				CLANG_ENABLE_OBJC_ARC = YES;
				CLANG_ENABLE_OBJC_WEAK = YES;
				CLANG_WARN_BLOCK_CAPTURE_AUTORELEASING = YES;
				CLANG_WARN_BOOL_CONVERSION = YES;
				CLANG_WARN_COMMA = YES;
				CLANG_WARN_CONSTANT_CONVERSION = YES;
				CLANG_WARN_DEPRECATED_OBJC_IMPLEMENTATIONS = YES;
				CLANG_WARN_DIRECT_OBJC_ISA_USAGE = YES_ERROR;
				CLANG_WARN_DOCUMENTATION_COMMENTS = YES;
				CLANG_WARN_EMPTY_BODY = YES;
				CLANG_WARN_ENUM_CONVERSION = YES;
				CLANG_WARN_INFINITE_RECURSION = YES;
				CLANG_WARN_INT_CONVERSION = YES;
				CLANG_WARN_NON_LITERAL_NULL_CONVERSION = YES;
				CLANG_WARN_OBJC_IMPLICIT_RETAIN_SELF = YES;
				CLANG_WARN_OBJC_LITERAL_CONVERSION = YES;
				CLANG_WARN_OBJC_ROOT_CLASS = YES_ERROR;
				CLANG_WARN_QUOTED_INCLUDE_IN_FRAMEWORK_HEADER = YES;
				CLANG_WARN_RANGE_LOOP_ANALYSIS = YES;
				CLANG_WARN_STRICT_PROTOTYPES = YES;
				CLANG_WARN_SUSPICIOUS_MOVE = YES;
				CLANG_WARN_UNGUARDED_AVAILABILITY = YES_AGGRESSIVE;
				CLANG_WARN_UNREACHABLE_CODE = YES;
				CLANG_WARN__DUPLICATE_METHOD_MATCH = YES;
				COPY_PHASE_STRIP = NO;
				DEBUG_INFORMATION_FORMAT = "dwarf-with-dsym";
				ENABLE_NS_ASSERTIONS = NO;
				ENABLE_STRICT_OBJC_MSGSEND = YES;
				ENABLE_USER_SCRIPT_SANDBOXING = YES;
				GCC_C_LANGUAGE_STANDARD = gnu17;
				GCC_NO_COMMON_BLOCKS = YES;
				GCC_WARN_64_TO_32_BIT_CONVERSION = YES;
				GCC_WARN_ABOUT_RETURN_TYPE = YES_ERROR;
				GCC_WARN_UNDECLARED_SELECTOR = YES;
				GCC_WARN_UNINITIALIZED_AUTOS = YES_AGGRESSIVE;
				GCC_WARN_UNUSED_FUNCTION = YES;
				GCC_WARN_UNUSED_VARIABLE = YES;
				IPHONEOS_DEPLOYMENT_TARGET = 18.5;
				LOCALIZATION_PREFERS_STRING_CATALOGS = YES;
				MTL_ENABLE_DEBUG_INFO = NO;
				MTL_FAST_MATH = YES;
				SDKROOT = iphoneos;
				SWIFT_COMPILATION_MODE = wholemodule;
				VALIDATE_PRODUCT = YES;
			};
			name = Release;
		};
		F480B5552E24D53100D5C00C /* Debug */ = {
			isa = XCBuildConfiguration;
			buildSettings = {
				ASSETCATALOG_COMPILER_APPICON_NAME = AppIcon;
				ASSETCATALOG_COMPILER_GLOBAL_ACCENT_COLOR_NAME = AccentColor;
				CODE_SIGN_STYLE = Automatic;
				CURRENT_PROJECT_VERSION = 1;
				ENABLE_PREVIEWS = YES;
				GENERATE_INFOPLIST_FILE = YES;
				INFOPLIST_KEY_UIApplicationSceneManifest_Generation = YES;
				INFOPLIST_KEY_UIApplicationSupportsIndirectInputEvents = YES;
				INFOPLIST_KEY_UILaunchScreen_Generation = YES;
				INFOPLIST_KEY_UISupportedInterfaceOrientations_iPad = "UIInterfaceOrientationPortrait UIInterfaceOrientationPortraitUpsideDown UIInterfaceOrientationLandscapeLeft UIInterfaceOrientationLandscapeRight";
				INFOPLIST_KEY_UISupportedInterfaceOrientations_iPhone = "UIInterfaceOrientationPortrait UIInterfaceOrientationLandscapeLeft UIInterfaceOrientationLandscapeRight";
				LD_RUNPATH_SEARCH_PATHS = (
					"$(inherited)",
					"@executable_path/Frameworks",
				);
				MARKETING_VERSION = 1.0;
				PRODUCT_BUNDLE_IDENTIFIER = "com.jiwonstudy.State-Binding";
				PRODUCT_NAME = "$(TARGET_NAME)";
				SWIFT_EMIT_LOC_STRINGS = YES;
				SWIFT_VERSION = 5.0;
				TARGETED_DEVICE_FAMILY = "1,2";
			};
			name = Debug;
		};
		F480B5562E24D53100D5C00C /* Release */ = {
			isa = XCBuildConfiguration;
			buildSettings = {
				ASSETCATALOG_COMPILER_APPICON_NAME = AppIcon;
				ASSETCATALOG_COMPILER_GLOBAL_ACCENT_COLOR_NAME = AccentColor;
				CODE_SIGN_STYLE = Automatic;
				CURRENT_PROJECT_VERSION = 1;
				ENABLE_PREVIEWS = YES;
				GENERATE_INFOPLIST_FILE = YES;
				INFOPLIST_KEY_UIApplicationSceneManifest_Generation = YES;
				INFOPLIST_KEY_UIApplicationSupportsIndirectInputEvents = YES;
				INFOPLIST_KEY_UILaunchScreen_Generation = YES;
				INFOPLIST_KEY_UISupportedInterfaceOrientations_iPad = "UIInterfaceOrientationPortrait UIInterfaceOrientationPortraitUpsideDown UIInterfaceOrientationLandscapeLeft UIInterfaceOrientationLandscapeRight";
				INFOPLIST_KEY_UISupportedInterfaceOrientations_iPhone = "UIInterfaceOrientationPortrait UIInterfaceOrientationLandscapeLeft UIInterfaceOrientationLandscapeRight";
				LD_RUNPATH_SEARCH_PATHS = (
					"$(inherited)",
					"@executable_path/Frameworks",
				);
				MARKETING_VERSION = 1.0;
				PRODUCT_BUNDLE_IDENTIFIER = "com.jiwonstudy.State-Binding";
				PRODUCT_NAME = "$(TARGET_NAME)";
				SWIFT_EMIT_LOC_STRINGS = YES;
				SWIFT_VERSION = 5.0;
				TARGETED_DEVICE_FAMILY = "1,2";
			};
			name = Release;
		};
		F480B5582E24D53100D5C00C /* Debug */ = {
			isa = XCBuildConfiguration;
			buildSettings = {
				BUNDLE_LOADER = "$(TEST_HOST)";
				CODE_SIGN_STYLE = Automatic;
				CURRENT_PROJECT_VERSION = 1;
				GENERATE_INFOPLIST_FILE = YES;
				IPHONEOS_DEPLOYMENT_TARGET = 18.5;
				MARKETING_VERSION = 1.0;
				PRODUCT_BUNDLE_IDENTIFIER = "com.jiwonstudy.State-BindingTests";
				PRODUCT_NAME = "$(TARGET_NAME)";
				SWIFT_EMIT_LOC_STRINGS = NO;
				SWIFT_VERSION = 5.0;
				TARGETED_DEVICE_FAMILY = "1,2";
				TEST_HOST = "$(BUILT_PRODUCTS_DIR)/State_Binding.app/$(BUNDLE_EXECUTABLE_FOLDER_PATH)/State_Binding";
			};
			name = Debug;
		};
		F480B5592E24D53100D5C00C /* Release */ = {
			isa = XCBuildConfiguration;
			buildSettings = {
				BUNDLE_LOADER = "$(TEST_HOST)";
				CODE_SIGN_STYLE = Automatic;
				CURRENT_PROJECT_VERSION = 1;
				GENERATE_INFOPLIST_FILE = YES;
				IPHONEOS_DEPLOYMENT_TARGET = 18.5;
				MARKETING_VERSION = 1.0;
				PRODUCT_BUNDLE_IDENTIFIER = "com.jiwonstudy.State-BindingTests";
				PRODUCT_NAME = "$(TARGET_NAME)";
				SWIFT_EMIT_LOC_STRINGS = NO;
				SWIFT_VERSION = 5.0;
				TARGETED_DEVICE_FAMILY = "1,2";
				TEST_HOST = "$(BUILT_PRODUCTS_DIR)/State_Binding.app/$(BUNDLE_EXECUTABLE_FOLDER_PATH)/State_Binding";
			};
			name = Release;
		};
		F480B55B2E24D53100D5C00C /* Debug */ = {
			isa = XCBuildConfiguration;
			buildSettings = {
				CODE_SIGN_STYLE = Automatic;
				CURRENT_PROJECT_VERSION = 1;
				GENERATE_INFOPLIST_FILE = YES;
				MARKETING_VERSION = 1.0;
				PRODUCT_BUNDLE_IDENTIFIER = "com.jiwonstudy.State-BindingUITests";
				PRODUCT_NAME = "$(TARGET_NAME)";
				SWIFT_EMIT_LOC_STRINGS = NO;
				SWIFT_VERSION = 5.0;
				TARGETED_DEVICE_FAMILY = "1,2";
				TEST_TARGET_NAME = State_Binding;
			};
			name = Debug;
		};
		F480B55C2E24D53100D5C00C /* Release */ = {
			isa = XCBuildConfiguration;
			buildSettings = {
				CODE_SIGN_STYLE = Automatic;
				CURRENT_PROJECT_VERSION = 1;
				GENERATE_INFOPLIST_FILE = YES;
				MARKETING_VERSION = 1.0;
				PRODUCT_BUNDLE_IDENTIFIER = "com.jiwonstudy.State-BindingUITests";
				PRODUCT_NAME = "$(TARGET_NAME)";
				SWIFT_EMIT_LOC_STRINGS = NO;
				SWIFT_VERSION = 5.0;
				TARGETED_DEVICE_FAMILY = "1,2";
				TEST_TARGET_NAME = State_Binding;
			};
			name = Release;
		};
/* End XCBuildConfiguration section */

/* Begin XCConfigurationList section */
		F480B52E2E24D52E00D5C00C /* Build configuration list for PBXProject "State_Binding" */ = {
			isa = XCConfigurationList;
			buildConfigurations = (
				F480B5522E24D53100D5C00C /* Debug */,
				F480B5532E24D53100D5C00C /* Release */,
			);
			defaultConfigurationIsVisible = 0;
			defaultConfigurationName = Release;
		};
		F480B5542E24D53100D5C00C /* Build configuration list for PBXNativeTarget "State_Binding" */ = {
			isa = XCConfigurationList;
			buildConfigurations = (
				F480B5552E24D53100D5C00C /* Debug */,
				F480B5562E24D53100D5C00C /* Release */,
			);
			defaultConfigurationIsVisible = 0;
			defaultConfigurationName = Release;
		};
		F480B5572E24D53100D5C00C /* Build configuration list for PBXNativeTarget "State_BindingTests" */ = {
			isa = XCConfigurationList;
			buildConfigurations = (
				F480B5582E24D53100D5C00C /* Debug */,
				F480B5592E24D53100D5C00C /* Release */,
			);
			defaultConfigurationIsVisible = 0;
			defaultConfigurationName = Release;
		};
		F480B55A2E24D53100D5C00C /* Build configuration list for PBXNativeTarget "State_BindingUITests" */ = {
			isa = XCConfigurationList;
			buildConfigurations = (
				F480B55B2E24D53100D5C00C /* Debug */,
				F480B55C2E24D53100D5C00C /* Release */,
			);
			defaultConfigurationIsVisible = 0;
			defaultConfigurationName = Release;
		};
/* End XCConfigurationList section */
	};
	rootObject = F480B52B2E24D52E00D5C00C /* Project object */;
}
